github.com/qianwj/typed/adt v0.0.3 h1:Op2qqczbXKZq3aeq2f4BLFNiN8EZNS3JyoQhpWL4fYM=
github.com/qianwj/typed/adt v0.0.3/go.mod h1:zoBsTPShziSB7AUAwHt98gLTZfU9d76Tuta1vHZa480=
github.com/qianwj/typed/utils v0.0.3 h1:AE8XTOm/BBc6OXQS29LOR8u/xoU6vLK42ynGzKW2wqI=
github.com/qianwj/typed/utils v0.0.3/go.mod h1:y0TKiiIMpDKwC+0xjoZLuipqSnSo4xlpvbR3VLq8kTw=
